
Microsoft Visual Studio Solution File, Format Version 12.00
# Visual Studio Version 17
VisualStudioVersion = 17.0.31903.59
MinimumVisualStudioVersion = 10.0.40219.1
Project("{2150E333-8FDC-42A3-9474-1A3956D46DE8}") = "src", "src", "{9B78C26D-292D-49CB-AE95-66B0B26772EC}"
EndProject
Project("{FAE04EC0-301F-11D3-BF4B-00C04F79EFBC}") = "Platform.Api", "src\Platform.Api\Platform.Api.csproj", "{C95C7315-EF5C-4145-9582-9751FBE0A171}"
EndProject
Project("{FAE04EC0-301F-11D3-BF4B-00C04F79EFBC}") = "Platform.Application", "src\Platform.Application\Platform.Application.csproj", "{44080967-A1C4-4CE4-8AAE-615DA03B20B3}"
EndProject
Project("{FAE04EC0-301F-11D3-BF4B-00C04F79EFBC}") = "Platform.Domain", "src\Platform.Domain\Platform.Domain.csproj", "{BD94F17C-DA06-4353-A0F4-CBF8DD072F96}"
EndProject
Project("{FAE04EC0-301F-11D3-BF4B-00C04F79EFBC}") = "Platform.Infrastructure", "src\Platform.Infrastructure\Platform.Infrastructure.csproj", "{A9069B77-9C4D-4323-8AC0-1A2C5C949CA3}"
EndProject
Project("{FAE04EC0-301F-11D3-BF4B-00C04F79EFBC}") = "Platform.Modules.Core", "src\Platform.Modules.Core\Platform.Modules.Core.csproj", "{A7825DA2-2BA1-4C71-B70D-44A234B51BC4}"
EndProject
Project("{FAE04EC0-301F-11D3-BF4B-00C04F79EFBC}") = "Platform.Modules.Crm", "src\Platform.Modules.Crm\Platform.Modules.Crm.csproj", "{A81A6741-B2D7-46F5-AA0D-96311DFDDC4B}"
EndProject
Project("{FAE04EC0-301F-11D3-BF4B-00C04F79EFBC}") = "Platform.Modules.Finance", "src\Platform.Modules.Finance\Platform.Modules.Finance.csproj", "{3E43C3E9-336A-4D2B-92E5-F567FD18734B}"
EndProject
Project("{FAE04EC0-301F-11D3-BF4B-00C04F79EFBC}") = "Platform.Persistence", "src\Platform.Persistence\Platform.Persistence.csproj", "{CB18862A-1ABE-4364-8E48-43AD6EB93FC8}"
EndProject
Project("{FAE04EC0-301F-11D3-BF4B-00C04F79EFBC}") = "Platform.Provisioning", "src\Platform.Provisioning\Platform.Provisioning.csproj", "{2BCB35BC-96D1-4B27-BFA4-3D6EA685F12E}"
EndProject
Project("{FAE04EC0-301F-11D3-BF4B-00C04F79EFBC}") = "Platform.WebInstaller", "src\Platform.WebInstaller\Platform.WebInstaller.csproj", "{060C7B6F-DA6F-42DA-9CDE-3CF0B49E32C9}"
EndProject
Project("{FAE04EC0-301F-11D3-BF4B-00C04F79EFBC}") = "Platform.Worker", "src\Platform.Worker\Platform.Worker.csproj", "{791A758B-335E-47A7-A780-35965CED168C}"
EndProject
Project("{2150E333-8FDC-42A3-9474-1A3956D46DE8}") = "tests", "tests", "{D0C72245-69FC-4EC2-ABA1-940EE52DCEFB}"
EndProject
Project("{FAE04EC0-301F-11D3-BF4B-00C04F79EFBC}") = "Platform.ArchitectureTests", "tests\Platform.ArchitectureTests\Platform.ArchitectureTests.csproj", "{F3A05788-63A4-49F0-BA72-6AD2A4763CE2}"
EndProject
Project("{FAE04EC0-301F-11D3-BF4B-00C04F79EFBC}") = "Platform.IntegrationTests", "tests\Platform.IntegrationTests\Platform.IntegrationTests.csproj", "{013BE518-379A-45FD-AF0A-367712C0D28B}"
EndProject
Project("{FAE04EC0-301F-11D3-BF4B-00C04F79EFBC}") = "Platform.MigrationTests", "tests\Platform.MigrationTests\Platform.MigrationTests.csproj", "{7E178599-67EF-433B-A575-743C9D478AB4}"
EndProject
Project("{FAE04EC0-301F-11D3-BF4B-00C04F79EFBC}") = "Platform.ProvisioningTests", "tests\Platform.ProvisioningTests\Platform.ProvisioningTests.csproj", "{6E562846-E614-4E15-90AF-E5C33A525AF9}"
EndProject
Project("{FAE04EC0-301F-11D3-BF4B-00C04F79EFBC}") = "Platform.UnitTests", "tests\Platform.UnitTests\Platform.UnitTests.csproj", "{AEBFDD37-9E4F-4DB8-BD67-C1CBC77895B0}"
EndProject
Project("{FAE04EC0-301F-11D3-BF4B-00C04F79EFBC}") = "Platform.Web", "src\Platform.Web\Platform.Web.csproj", "{529EA7FB-2D81-48F0-B794-B83CF32C19B7}"
EndProject
Global
	GlobalSection(SolutionConfigurationPlatforms) = preSolution
		Debug|Any CPU = Debug|Any CPU
		Release|Any CPU = Release|Any CPU
	EndGlobalSection
	GlobalSection(SolutionProperties) = preSolution
		HideSolutionNode = FALSE
	EndGlobalSection
	GlobalSection(ProjectConfigurationPlatforms) = postSolution
		{C95C7315-EF5C-4145-9582-9751FBE0A171}.Debug|Any CPU.ActiveCfg = Debug|Any CPU
		{C95C7315-EF5C-4145-9582-9751FBE0A171}.Debug|Any CPU.Build.0 = Debug|Any CPU
		{C95C7315-EF5C-4145-9582-9751FBE0A171}.Release|Any CPU.ActiveCfg = Release|Any CPU
		{C95C7315-EF5C-4145-9582-9751FBE0A171}.Release|Any CPU.Build.0 = Release|Any CPU
		{44080967-A1C4-4CE4-8AAE-615DA03B20B3}.Debug|Any CPU.ActiveCfg = Debug|Any CPU
		{44080967-A1C4-4CE4-8AAE-615DA03B20B3}.Debug|Any CPU.Build.0 = Debug|Any CPU
		{44080967-A1C4-4CE4-8AAE-615DA03B20B3}.Release|Any CPU.ActiveCfg = Release|Any CPU
		{44080967-A1C4-4CE4-8AAE-615DA03B20B3}.Release|Any CPU.Build.0 = Release|Any CPU
		{BD94F17C-DA06-4353-A0F4-CBF8DD072F96}.Debug|Any CPU.ActiveCfg = Debug|Any CPU
		{BD94F17C-DA06-4353-A0F4-CBF8DD072F96}.Debug|Any CPU.Build.0 = Debug|Any CPU
		{BD94F17C-DA06-4353-A0F4-CBF8DD072F96}.Release|Any CPU.ActiveCfg = Release|Any CPU
		{BD94F17C-DA06-4353-A0F4-CBF8DD072F96}.Release|Any CPU.Build.0 = Release|Any CPU
		{A9069B77-9C4D-4323-8AC0-1A2C5C949CA3}.Debug|Any CPU.ActiveCfg = Debug|Any CPU
		{A9069B77-9C4D-4323-8AC0-1A2C5C949CA3}.Debug|Any CPU.Build.0 = Debug|Any CPU
		{A9069B77-9C4D-4323-8AC0-1A2C5C949CA3}.Release|Any CPU.ActiveCfg = Release|Any CPU
		{A9069B77-9C4D-4323-8AC0-1A2C5C949CA3}.Release|Any CPU.Build.0 = Release|Any CPU
		{A7825DA2-2BA1-4C71-B70D-44A234B51BC4}.Debug|Any CPU.ActiveCfg = Debug|Any CPU
		{A7825DA2-2BA1-4C71-B70D-44A234B51BC4}.Debug|Any CPU.Build.0 = Debug|Any CPU
		{A7825DA2-2BA1-4C71-B70D-44A234B51BC4}.Release|Any CPU.ActiveCfg = Release|Any CPU
		{A7825DA2-2BA1-4C71-B70D-44A234B51BC4}.Release|Any CPU.Build.0 = Release|Any CPU
		{A81A6741-B2D7-46F5-AA0D-96311DFDDC4B}.Debug|Any CPU.ActiveCfg = Debug|Any CPU
		{A81A6741-B2D7-46F5-AA0D-96311DFDDC4B}.Debug|Any CPU.Build.0 = Debug|Any CPU
		{A81A6741-B2D7-46F5-AA0D-96311DFDDC4B}.Release|Any CPU.ActiveCfg = Release|Any CPU
		{A81A6741-B2D7-46F5-AA0D-96311DFDDC4B}.Release|Any CPU.Build.0 = Release|Any CPU
		{3E43C3E9-336A-4D2B-92E5-F567FD18734B}.Debug|Any CPU.ActiveCfg = Debug|Any CPU
		{3E43C3E9-336A-4D2B-92E5-F567FD18734B}.Debug|Any CPU.Build.0 = Debug|Any CPU
		{3E43C3E9-336A-4D2B-92E5-F567FD18734B}.Release|Any CPU.ActiveCfg = Release|Any CPU
		{3E43C3E9-336A-4D2B-92E5-F567FD18734B}.Release|Any CPU.Build.0 = Release|Any CPU
		{CB18862A-1ABE-4364-8E48-43AD6EB93FC8}.Debug|Any CPU.ActiveCfg = Debug|Any CPU
		{CB18862A-1ABE-4364-8E48-43AD6EB93FC8}.Debug|Any CPU.Build.0 = Debug|Any CPU
		{CB18862A-1ABE-4364-8E48-43AD6EB93FC8}.Release|Any CPU.ActiveCfg = Release|Any CPU
		{CB18862A-1ABE-4364-8E48-43AD6EB93FC8}.Release|Any CPU.Build.0 = Release|Any CPU
		{2BCB35BC-96D1-4B27-BFA4-3D6EA685F12E}.Debug|Any CPU.ActiveCfg = Debug|Any CPU
		{2BCB35BC-96D1-4B27-BFA4-3D6EA685F12E}.Debug|Any CPU.Build.0 = Debug|Any CPU
		{2BCB35BC-96D1-4B27-BFA4-3D6EA685F12E}.Release|Any CPU.ActiveCfg = Release|Any CPU
		{2BCB35BC-96D1-4B27-BFA4-3D6EA685F12E}.Release|Any CPU.Build.0 = Release|Any CPU
		{060C7B6F-DA6F-42DA-9CDE-3CF0B49E32C9}.Debug|Any CPU.ActiveCfg = Debug|Any CPU
		{060C7B6F-DA6F-42DA-9CDE-3CF0B49E32C9}.Debug|Any CPU.Build.0 = Debug|Any CPU
		{060C7B6F-DA6F-42DA-9CDE-3CF0B49E32C9}.Release|Any CPU.ActiveCfg = Release|Any CPU
		{060C7B6F-DA6F-42DA-9CDE-3CF0B49E32C9}.Release|Any CPU.Build.0 = Release|Any CPU
		{791A758B-335E-47A7-A780-35965CED168C}.Debug|Any CPU.ActiveCfg = Debug|Any CPU
		{791A758B-335E-47A7-A780-35965CED168C}.Debug|Any CPU.Build.0 = Debug|Any CPU
		{791A758B-335E-47A7-A780-35965CED168C}.Release|Any CPU.ActiveCfg = Release|Any CPU
		{791A758B-335E-47A7-A780-35965CED168C}.Release|Any CPU.Build.0 = Release|Any CPU
		{F3A05788-63A4-49F0-BA72-6AD2A4763CE2}.Debug|Any CPU.ActiveCfg = Debug|Any CPU
		{F3A05788-63A4-49F0-BA72-6AD2A4763CE2}.Debug|Any CPU.Build.0 = Debug|Any CPU
		{F3A05788-63A4-49F0-BA72-6AD2A4763CE2}.Release|Any CPU.ActiveCfg = Release|Any CPU
		{F3A05788-63A4-49F0-BA72-6AD2A4763CE2}.Release|Any CPU.Build.0 = Release|Any CPU
		{013BE518-379A-45FD-AF0A-367712C0D28B}.Debug|Any CPU.ActiveCfg = Debug|Any CPU
		{013BE518-379A-45FD-AF0A-367712C0D28B}.Debug|Any CPU.Build.0 = Debug|Any CPU
		{013BE518-379A-45FD-AF0A-367712C0D28B}.Release|Any CPU.ActiveCfg = Release|Any CPU
		{013BE518-379A-45FD-AF0A-367712C0D28B}.Release|Any CPU.Build.0 = Release|Any CPU
		{7E178599-67EF-433B-A575-743C9D478AB4}.Debug|Any CPU.ActiveCfg = Debug|Any CPU
		{7E178599-67EF-433B-A575-743C9D478AB4}.Debug|Any CPU.Build.0 = Debug|Any CPU
		{7E178599-67EF-433B-A575-743C9D478AB4}.Release|Any CPU.ActiveCfg = Release|Any CPU
		{7E178599-67EF-433B-A575-743C9D478AB4}.Release|Any CPU.Build.0 = Release|Any CPU
		{6E562846-E614-4E15-90AF-E5C33A525AF9}.Debug|Any CPU.ActiveCfg = Debug|Any CPU
		{6E562846-E614-4E15-90AF-E5C33A525AF9}.Debug|Any CPU.Build.0 = Debug|Any CPU
		{6E562846-E614-4E15-90AF-E5C33A525AF9}.Release|Any CPU.ActiveCfg = Release|Any CPU
		{6E562846-E614-4E15-90AF-E5C33A525AF9}.Release|Any CPU.Build.0 = Release|Any CPU
		{AEBFDD37-9E4F-4DB8-BD67-C1CBC77895B0}.Debug|Any CPU.ActiveCfg = Debug|Any CPU
		{AEBFDD37-9E4F-4DB8-BD67-C1CBC77895B0}.Debug|Any CPU.Build.0 = Debug|Any CPU
		{AEBFDD37-9E4F-4DB8-BD67-C1CBC77895B0}.Release|Any CPU.ActiveCfg = Release|Any CPU
		{AEBFDD37-9E4F-4DB8-BD67-C1CBC77895B0}.Release|Any CPU.Build.0 = Release|Any CPU
		{529EA7FB-2D81-48F0-B794-B83CF32C19B7}.Debug|Any CPU.ActiveCfg = Debug|Any CPU
		{529EA7FB-2D81-48F0-B794-B83CF32C19B7}.Debug|Any CPU.Build.0 = Debug|Any CPU
		{529EA7FB-2D81-48F0-B794-B83CF32C19B7}.Release|Any CPU.ActiveCfg = Release|Any CPU
		{529EA7FB-2D81-48F0-B794-B83CF32C19B7}.Release|Any CPU.Build.0 = Release|Any CPU
	EndGlobalSection
	GlobalSection(NestedProjects) = preSolution
		{C95C7315-EF5C-4145-9582-9751FBE0A171} = {9B78C26D-292D-49CB-AE95-66B0B26772EC}
		{44080967-A1C4-4CE4-8AAE-615DA03B20B3} = {9B78C26D-292D-49CB-AE95-66B0B26772EC}
		{BD94F17C-DA06-4353-A0F4-CBF8DD072F96} = {9B78C26D-292D-49CB-AE95-66B0B26772EC}
		{A9069B77-9C4D-4323-8AC0-1A2C5C949CA3} = {9B78C26D-292D-49CB-AE95-66B0B26772EC}
		{A7825DA2-2BA1-4C71-B70D-44A234B51BC4} = {9B78C26D-292D-49CB-AE95-66B0B26772EC}
		{A81A6741-B2D7-46F5-AA0D-96311DFDDC4B} = {9B78C26D-292D-49CB-AE95-66B0B26772EC}
		{3E43C3E9-336A-4D2B-92E5-F567FD18734B} = {9B78C26D-292D-49CB-AE95-66B0B26772EC}
		{CB18862A-1ABE-4364-8E48-43AD6EB93FC8} = {9B78C26D-292D-49CB-AE95-66B0B26772EC}
		{2BCB35BC-96D1-4B27-BFA4-3D6EA685F12E} = {9B78C26D-292D-49CB-AE95-66B0B26772EC}
		{060C7B6F-DA6F-42DA-9CDE-3CF0B49E32C9} = {9B78C26D-292D-49CB-AE95-66B0B26772EC}
		{791A758B-335E-47A7-A780-35965CED168C} = {9B78C26D-292D-49CB-AE95-66B0B26772EC}
		{F3A05788-63A4-49F0-BA72-6AD2A4763CE2} = {D0C72245-69FC-4EC2-ABA1-940EE52DCEFB}
		{013BE518-379A-45FD-AF0A-367712C0D28B} = {D0C72245-69FC-4EC2-ABA1-940EE52DCEFB}
		{7E178599-67EF-433B-A575-743C9D478AB4} = {D0C72245-69FC-4EC2-ABA1-940EE52DCEFB}
		{6E562846-E614-4E15-90AF-E5C33A525AF9} = {D0C72245-69FC-4EC2-ABA1-940EE52DCEFB}
		{AEBFDD37-9E4F-4DB8-BD67-C1CBC77895B0} = {D0C72245-69FC-4EC2-ABA1-940EE52DCEFB}
		{529EA7FB-2D81-48F0-B794-B83CF32C19B7} = {9B78C26D-292D-49CB-AE95-66B0B26772EC}
	EndGlobalSection
EndGlobal
